
Microsoft Visual Studio Solution File, Format Version 12.00
# Visual Studio Version 16
VisualStudioVersion = 16.0.31321.278
MinimumVisualStudioVersion = 10.0.40219.1
Project("{FAE04EC0-301F-11D3-BF4B-00C04F79EFBC}") = "PDFOwnerSecurityRemover", "PDFOwnerSecurityRemover\PDFOwnerSecurityRemover.csproj", "{E18FEC9F-3366-441C-B76B-CDEC767EE3F9}"
EndProject
Global
	GlobalSection(SolutionConfigurationPlatforms) = preSolution
		Debug|Any CPU = Debug|Any CPU
		Release|Any CPU = Release|Any CPU
	EndGlobalSection
	GlobalSection(ProjectConfigurationPlatforms) = postSolution
		{E18FEC9F-3366-441C-B76B-CDEC767EE3F9}.Debug|Any CPU.ActiveCfg = Debug|Any CPU
		{E18FEC9F-3366-441C-B76B-CDEC767EE3F9}.Debug|Any CPU.Build.0 = Debug|Any CPU
		{E18FEC9F-3366-441C-B76B-CDEC767EE3F9}.Release|Any CPU.ActiveCfg = Release|Any CPU
		{E18FEC9F-3366-441C-B76B-CDEC767EE3F9}.Release|Any CPU.Build.0 = Release|Any CPU
	EndGlobalSection
	GlobalSection(SolutionProperties) = preSolution
		HideSolutionNode = FALSE
	EndGlobalSection
	GlobalSection(ExtensibilityGlobals) = postSolution
		SolutionGuid = {E9A167DD-60CD-470D-85A8-9AE40AAFA886}
	EndGlobalSection
EndGlobal
